
Microsoft Visual Studio Solution File, Format Version 12.00
# Visual Studio 15
VisualStudioVersion = 15.0.27004.2010
MinimumVisualStudioVersion = 10.0.40219.1
Project("{FAE04EC0-301F-11D3-BF4B-00C04F79EFBC}") = "EmployeeManagementSystem", "EmployeeManagementSystem1\EmployeeManagementSystem.csproj", "{5556CBD3-0B21-4B40-9E8B-ECE89A9A0536}"
EndProject
Project("{FAE04EC0-301F-11D3-BF4B-00C04F79EFBC}") = "EmployeeManagementSystem.Data", "EmployeeManagementSystem.Data\EmployeeManagementSystem.Data.csproj", "{1A471269-5B51-440E-9718-BD029D860EAB}"
EndProject
Global
	GlobalSection(SolutionConfigurationPlatforms) = preSolution
		Debug|Any CPU = Debug|Any CPU
		Release|Any CPU = Release|Any CPU
	EndGlobalSection
	GlobalSection(ProjectConfigurationPlatforms) = postSolution
		{5556CBD3-0B21-4B40-9E8B-ECE89A9A0536}.Debug|Any CPU.ActiveCfg = Debug|Any CPU
		{5556CBD3-0B21-4B40-9E8B-ECE89A9A0536}.Debug|Any CPU.Build.0 = Debug|Any CPU
		{5556CBD3-0B21-4B40-9E8B-ECE89A9A0536}.Release|Any CPU.ActiveCfg = Release|Any CPU
		{5556CBD3-0B21-4B40-9E8B-ECE89A9A0536}.Release|Any CPU.Build.0 = Release|Any CPU
		{1A471269-5B51-440E-9718-BD029D860EAB}.Debug|Any CPU.ActiveCfg = Debug|Any CPU
		{1A471269-5B51-440E-9718-BD029D860EAB}.Debug|Any CPU.Build.0 = Debug|Any CPU
		{1A471269-5B51-440E-9718-BD029D860EAB}.Release|Any CPU.ActiveCfg = Release|Any CPU
		{1A471269-5B51-440E-9718-BD029D860EAB}.Release|Any CPU.Build.0 = Release|Any CPU
	EndGlobalSection
	GlobalSection(SolutionProperties) = preSolution
		HideSolutionNode = FALSE
	EndGlobalSection
	GlobalSection(ExtensibilityGlobals) = postSolution
		SolutionGuid = {748AB8CF-5695-4316-AA92-87BDE3F93756}
	EndGlobalSection
EndGlobal
